
Microsoft Visual Studio Solution File, Format Version 12.00
# Visual Studio Version 17
VisualStudioVersion = 17.6.33815.320
MinimumVisualStudioVersion = 10.0.40219.1
Project("{FAE04EC0-301F-11D3-BF4B-00C04F79EFBC}") = "pImages", "pImages\pImages.csproj", "{D283C9BC-420A-4A4D-9BF1-83502215D5CA}"
EndProject
Global
	GlobalSection(SolutionConfigurationPlatforms) = preSolution
		Debug|Any CPU = Debug|Any CPU
		Release|Any CPU = Release|Any CPU
	EndGlobalSection
	GlobalSection(ProjectConfigurationPlatforms) = postSolution
		{D283C9BC-420A-4A4D-9BF1-83502215D5CA}.Debug|Any CPU.ActiveCfg = Debug|Any CPU
		{D283C9BC-420A-4A4D-9BF1-83502215D5CA}.Debug|Any CPU.Build.0 = Debug|Any CPU
		{D283C9BC-420A-4A4D-9BF1-83502215D5CA}.Release|Any CPU.ActiveCfg = Release|Any CPU
		{D283C9BC-420A-4A4D-9BF1-83502215D5CA}.Release|Any CPU.Build.0 = Release|Any CPU
	EndGlobalSection
	GlobalSection(SolutionProperties) = preSolution
		HideSolutionNode = FALSE
	EndGlobalSection
	GlobalSection(ExtensibilityGlobals) = postSolution
		SolutionGuid = {95E4EE91-2A2F-43F4-99AD-44DE21A86F59}
	EndGlobalSection
EndGlobal
